
Microsoft Visual Studio Solution File, Format Version 12.00
# Visual Studio Version 17
VisualStudioVersion = 17.9.34902.65
MinimumVisualStudioVersion = 10.0.40219.1
Project("{FAE04EC0-301F-11D3-BF4B-00C04F79EFBC}") = "CustomeAuthentication", "CustomeAuthentication\CustomeAuthentication.csproj", "{6412679B-ED58-4277-A7C0-33F68D906AAB}"
EndProject
Global
	GlobalSection(SolutionConfigurationPlatforms) = preSolution
		Debug|Any CPU = Debug|Any CPU
		Release|Any CPU = Release|Any CPU
	EndGlobalSection
	GlobalSection(ProjectConfigurationPlatforms) = postSolution
		{6412679B-ED58-4277-A7C0-33F68D906AAB}.Debug|Any CPU.ActiveCfg = Debug|Any CPU
		{6412679B-ED58-4277-A7C0-33F68D906AAB}.Debug|Any CPU.Build.0 = Debug|Any CPU
		{6412679B-ED58-4277-A7C0-33F68D906AAB}.Release|Any CPU.ActiveCfg = Release|Any CPU
		{6412679B-ED58-4277-A7C0-33F68D906AAB}.Release|Any CPU.Build.0 = Release|Any CPU
	EndGlobalSection
	GlobalSection(SolutionProperties) = preSolution
		HideSolutionNode = FALSE
	EndGlobalSection
	GlobalSection(ExtensibilityGlobals) = postSolution
		SolutionGuid = {DF75642A-9505-43A6-B1E7-062835C3F12C}
	EndGlobalSection
EndGlobal
